
Microsoft Visual Studio Solution File, Format Version 12.00
# Visual Studio 2015
Project("{FAE04EC0-301F-11D3-BF4B-00C04F79EFBC}") = "Project_Sun.CSharp", "Project_Sun.CSharp.csproj", "{642D2336-A33E-6478-297D-D928D783E45B}"
EndProject
Project("{FAE04EC0-301F-11D3-BF4B-00C04F79EFBC}") = "Project_Sun.CSharp.Editor", "Project_Sun.CSharp.Editor.csproj", "{2EE8FC2E-1E88-576E-7E0F-36F20BB56D90}"
EndProject
Global
	GlobalSection(SolutionConfigurationPlatforms) = preSolution
		Debug|Any CPU = Debug|Any CPU
		Release|Any CPU = Release|Any CPU
	EndGlobalSection
	GlobalSection(ProjectConfigurationPlatforms) = postSolution
		{642D2336-A33E-6478-297D-D928D783E45B}.Debug|Any CPU.ActiveCfg = Debug|Any CPU
		{642D2336-A33E-6478-297D-D928D783E45B}.Debug|Any CPU.Build.0 = Debug|Any CPU
		{642D2336-A33E-6478-297D-D928D783E45B}.Release|Any CPU.ActiveCfg = Release|Any CPU
		{642D2336-A33E-6478-297D-D928D783E45B}.Release|Any CPU.Build.0 = Release|Any CPU
		{2EE8FC2E-1E88-576E-7E0F-36F20BB56D90}.Debug|Any CPU.ActiveCfg = Debug|Any CPU
		{2EE8FC2E-1E88-576E-7E0F-36F20BB56D90}.Debug|Any CPU.Build.0 = Debug|Any CPU
		{2EE8FC2E-1E88-576E-7E0F-36F20BB56D90}.Release|Any CPU.ActiveCfg = Release|Any CPU
		{2EE8FC2E-1E88-576E-7E0F-36F20BB56D90}.Release|Any CPU.Build.0 = Release|Any CPU
	EndGlobalSection
	GlobalSection(SolutionProperties) = preSolution
		HideSolutionNode = FALSE
	EndGlobalSection
EndGlobal
