
Microsoft Visual Studio Solution File, Format Version 12.00
# Visual Studio 2015
Project("{FAE04EC0-301F-11D3-BF4B-00C04F79EFBC}") = "Project1_5.CSharp", "Project1_5.CSharp.csproj", "{EE5033B9-3A3C-E85B-1557-65B3D9ED9403}"
EndProject
Project("{FAE04EC0-301F-11D3-BF4B-00C04F79EFBC}") = "Project1_5.CSharp.Editor", "Project1_5.CSharp.Editor.csproj", "{97F67389-F301-33E0-CB99-192B0B49C668}"
EndProject
Global
	GlobalSection(SolutionConfigurationPlatforms) = preSolution
		Debug|Any CPU = Debug|Any CPU
		Release|Any CPU = Release|Any CPU
	EndGlobalSection
	GlobalSection(ProjectConfigurationPlatforms) = postSolution
		{EE5033B9-3A3C-E85B-1557-65B3D9ED9403}.Debug|Any CPU.ActiveCfg = Debug|Any CPU
		{EE5033B9-3A3C-E85B-1557-65B3D9ED9403}.Debug|Any CPU.Build.0 = Debug|Any CPU
		{EE5033B9-3A3C-E85B-1557-65B3D9ED9403}.Release|Any CPU.ActiveCfg = Release|Any CPU
		{EE5033B9-3A3C-E85B-1557-65B3D9ED9403}.Release|Any CPU.Build.0 = Release|Any CPU
		{97F67389-F301-33E0-CB99-192B0B49C668}.Debug|Any CPU.ActiveCfg = Debug|Any CPU
		{97F67389-F301-33E0-CB99-192B0B49C668}.Debug|Any CPU.Build.0 = Debug|Any CPU
		{97F67389-F301-33E0-CB99-192B0B49C668}.Release|Any CPU.ActiveCfg = Release|Any CPU
		{97F67389-F301-33E0-CB99-192B0B49C668}.Release|Any CPU.Build.0 = Release|Any CPU
	EndGlobalSection
	GlobalSection(SolutionProperties) = preSolution
		HideSolutionNode = FALSE
	EndGlobalSection
EndGlobal
